// !$*UTF8*$!
{
	archiveVersion = 1;
	classes = {
	};
	objectVersion = 56;
	objects = {

/* Begin PBXBuildFile section */
		0455D0032D9672EF004A0807 /* AppDelegate.swift in Sources */ = {isa = PBXBuildFile; fileRef = 0455D0022D9672EF004A0807 /* AppDelegate.swift */; };
		0455D0052D9672EF004A0807 /* SceneDelegate.swift in Sources */ = {isa = PBXBuildFile; fileRef = 0455D0042D9672EF004A0807 /* SceneDelegate.swift */; };
		0455D0072D9672EF004A0807 /* ListViewController.swift in Sources */ = {isa = PBXBuildFile; fileRef = 0455D0062D9672EF004A0807 /* ListViewController.swift */; };
		0455D00C2D9672F0004A0807 /* Assets.xcassets in Resources */ = {isa = PBXBuildFile; fileRef = 0455D00B2D9672F0004A0807 /* Assets.xcassets */; };
		0455D00F2D9672F0004A0807 /* LaunchScreen.storyboard in Resources */ = {isa = PBXBuildFile; fileRef = 0455D00D2D9672F0004A0807 /* LaunchScreen.storyboard */; };
		049D92FE2D9678D20003D7CD /* ListAssembly.swift in Sources */ = {isa = PBXBuildFile; fileRef = 049D92FD2D9678D20003D7CD /* ListAssembly.swift */; };
		049D93002D9678DF0003D7CD /* ListPresenter.swift in Sources */ = {isa = PBXBuildFile; fileRef = 049D92FF2D9678DF0003D7CD /* ListPresenter.swift */; };
		049D93022D9678F30003D7CD /* ListRouter.swift in Sources */ = {isa = PBXBuildFile; fileRef = 049D93012D9678F30003D7CD /* ListRouter.swift */; };
		049D93052D967D810003D7CD /* MVXProtocol.swift in Sources */ = {isa = PBXBuildFile; fileRef = 049D93042D967D810003D7CD /* MVXProtocol.swift */; };
		049D930A2D968EFC0003D7CD /* Character.swift in Sources */ = {isa = PBXBuildFile; fileRef = 049D93092D968EFC0003D7CD /* Character.swift */; };
		049D930D2D968F740003D7CD /* NetworkManager.swift in Sources */ = {isa = PBXBuildFile; fileRef = 049D930C2D968F740003D7CD /* NetworkManager.swift */; };
		049D93112D9698F10003D7CD /* ListCell.swift in Sources */ = {isa = PBXBuildFile; fileRef = 049D93102D9698F10003D7CD /* ListCell.swift */; };
		049D93132D9699210003D7CD /* ListCustomViewCell.swift in Sources */ = {isa = PBXBuildFile; fileRef = 049D93122D9699210003D7CD /* ListCustomViewCell.swift */; };
		049D93162D9699610003D7CD /* CustomLabel.swift in Sources */ = {isa = PBXBuildFile; fileRef = 049D93152D9699610003D7CD /* CustomLabel.swift */; };
		049D93192D97CB860003D7CD /* Kingfisher in Frameworks */ = {isa = PBXBuildFile; productRef = 049D93182D97CB860003D7CD /* Kingfisher */; };
		049D931C2D9909DB0003D7CD /* DetailAssembly.swift in Sources */ = {isa = PBXBuildFile; fileRef = 049D931B2D9909DB0003D7CD /* DetailAssembly.swift */; };
		049D931E2D9909EA0003D7CD /* DetailViewController.swift in Sources */ = {isa = PBXBuildFile; fileRef = 049D931D2D9909EA0003D7CD /* DetailViewController.swift */; };
		049D93202D9909FD0003D7CD /* DetailPresenter.swift in Sources */ = {isa = PBXBuildFile; fileRef = 049D931F2D9909FD0003D7CD /* DetailPresenter.swift */; };
		049D93222D990A0C0003D7CD /* DetailRouter.swift in Sources */ = {isa = PBXBuildFile; fileRef = 049D93212D990A0C0003D7CD /* DetailRouter.swift */; };
/* End PBXBuildFile section */

/* Begin PBXFileReference section */
		0455CFFF2D9672EF004A0807 /* MVPAPIRickAndMortyApp.app */ = {isa = PBXFileReference; explicitFileType = wrapper.application; includeInIndex = 0; path = MVPAPIRickAndMortyApp.app; sourceTree = BUILT_PRODUCTS_DIR; };
		0455D0022D9672EF004A0807 /* AppDelegate.swift */ = {isa = PBXFileReference; lastKnownFileType = sourcecode.swift; path = AppDelegate.swift; sourceTree = "<group>"; };
		0455D0042D9672EF004A0807 /* SceneDelegate.swift */ = {isa = PBXFileReference; lastKnownFileType = sourcecode.swift; path = SceneDelegate.swift; sourceTree = "<group>"; };
		0455D0062D9672EF004A0807 /* ListViewController.swift */ = {isa = PBXFileReference; lastKnownFileType = sourcecode.swift; path = ListViewController.swift; sourceTree = "<group>"; };
		0455D00B2D9672F0004A0807 /* Assets.xcassets */ = {isa = PBXFileReference; lastKnownFileType = folder.assetcatalog; path = Assets.xcassets; sourceTree = "<group>"; };
		0455D00E2D9672F0004A0807 /* Base */ = {isa = PBXFileReference; lastKnownFileType = file.storyboard; name = Base; path = Base.lproj/LaunchScreen.storyboard; sourceTree = "<group>"; };
		0455D0102D9672F0004A0807 /* Info.plist */ = {isa = PBXFileReference; lastKnownFileType = text.plist.xml; path = Info.plist; sourceTree = "<group>"; };
		049D92FD2D9678D20003D7CD /* ListAssembly.swift */ = {isa = PBXFileReference; lastKnownFileType = sourcecode.swift; path = ListAssembly.swift; sourceTree = "<group>"; };
		049D92FF2D9678DF0003D7CD /* ListPresenter.swift */ = {isa = PBXFileReference; lastKnownFileType = sourcecode.swift; path = ListPresenter.swift; sourceTree = "<group>"; };
		049D93012D9678F30003D7CD /* ListRouter.swift */ = {isa = PBXFileReference; lastKnownFileType = sourcecode.swift; path = ListRouter.swift; sourceTree = "<group>"; };
		049D93042D967D810003D7CD /* MVXProtocol.swift */ = {isa = PBXFileReference; lastKnownFileType = sourcecode.swift; path = MVXProtocol.swift; sourceTree = "<group>"; };
		049D93092D968EFC0003D7CD /* Character.swift */ = {isa = PBXFileReference; lastKnownFileType = sourcecode.swift; path = Character.swift; sourceTree = "<group>"; };
		049D930C2D968F740003D7CD /* NetworkManager.swift */ = {isa = PBXFileReference; lastKnownFileType = sourcecode.swift; path = NetworkManager.swift; sourceTree = "<group>"; };
		049D93102D9698F10003D7CD /* ListCell.swift */ = {isa = PBXFileReference; lastKnownFileType = sourcecode.swift; path = ListCell.swift; sourceTree = "<group>"; };
		049D93122D9699210003D7CD /* ListCustomViewCell.swift */ = {isa = PBXFileReference; lastKnownFileType = sourcecode.swift; path = ListCustomViewCell.swift; sourceTree = "<group>"; };
		049D93152D9699610003D7CD /* CustomLabel.swift */ = {isa = PBXFileReference; lastKnownFileType = sourcecode.swift; path = CustomLabel.swift; sourceTree = "<group>"; };
		049D931B2D9909DB0003D7CD /* DetailAssembly.swift */ = {isa = PBXFileReference; lastKnownFileType = sourcecode.swift; path = DetailAssembly.swift; sourceTree = "<group>"; };
		049D931D2D9909EA0003D7CD /* DetailViewController.swift */ = {isa = PBXFileReference; lastKnownFileType = sourcecode.swift; path = DetailViewController.swift; sourceTree = "<group>"; };
		049D931F2D9909FD0003D7CD /* DetailPresenter.swift */ = {isa = PBXFileReference; lastKnownFileType = sourcecode.swift; path = DetailPresenter.swift; sourceTree = "<group>"; };
		049D93212D990A0C0003D7CD /* DetailRouter.swift */ = {isa = PBXFileReference; lastKnownFileType = sourcecode.swift; path = DetailRouter.swift; sourceTree = "<group>"; };
/* End PBXFileReference section */

/* Begin PBXFrameworksBuildPhase section */
		0455CFFC2D9672EF004A0807 /* Frameworks */ = {
			isa = PBXFrameworksBuildPhase;
			buildActionMask = 2147483647;
			files = (
				049D93192D97CB860003D7CD /* Kingfisher in Frameworks */,
			);
			runOnlyForDeploymentPostprocessing = 0;
		};
/* End PBXFrameworksBuildPhase section */

/* Begin PBXGroup section */
		0455CFF62D9672EE004A0807 = {
			isa = PBXGroup;
			children = (
				0455D0012D9672EF004A0807 /* MVPAPIRickAndMortyApp */,
				0455D0002D9672EF004A0807 /* Products */,
			);
			sourceTree = "<group>";
		};
		0455D0002D9672EF004A0807 /* Products */ = {
			isa = PBXGroup;
			children = (
				0455CFFF2D9672EF004A0807 /* MVPAPIRickAndMortyApp.app */,
			);
			name = Products;
			sourceTree = "<group>";
		};
		0455D0012D9672EF004A0807 /* MVPAPIRickAndMortyApp */ = {
			isa = PBXGroup;
			children = (
				049D930B2D968F3E0003D7CD /* BL */,
				049D93142D9699480003D7CD /* CustomElements */,
				049D93032D967D640003D7CD /* Base */,
				049D93062D968E700003D7CD /* Models */,
				0455D0162D967731004A0807 /* Scenes */,
				049D930F2D9690950003D7CD /* Storyboards */,
				049D930E2D968FF70003D7CD /* Resources */,
				049D93082D968ECD0003D7CD /* Services */,
				0455D0022D9672EF004A0807 /* AppDelegate.swift */,
				0455D0042D9672EF004A0807 /* SceneDelegate.swift */,
				0455D0102D9672F0004A0807 /* Info.plist */,
			);
			path = MVPAPIRickAndMortyApp;
			sourceTree = "<group>";
		};
		0455D0162D967731004A0807 /* Scenes */ = {
			isa = PBXGroup;
			children = (
				0455D0172D967742004A0807 /* ListScene */,
				049D931A2D9909AF0003D7CD /* DetailScene */,
			);
			path = Scenes;
			sourceTree = "<group>";
		};
		0455D0172D967742004A0807 /* ListScene */ = {
			isa = PBXGroup;
			children = (
				049D92FD2D9678D20003D7CD /* ListAssembly.swift */,
				0455D0062D9672EF004A0807 /* ListViewController.swift */,
				049D92FF2D9678DF0003D7CD /* ListPresenter.swift */,
				049D93012D9678F30003D7CD /* ListRouter.swift */,
				049D93102D9698F10003D7CD /* ListCell.swift */,
				049D93122D9699210003D7CD /* ListCustomViewCell.swift */,
			);
			path = ListScene;
			sourceTree = "<group>";
		};
		049D93032D967D640003D7CD /* Base */ = {
			isa = PBXGroup;
			children = (
				049D93042D967D810003D7CD /* MVXProtocol.swift */,
			);
			path = Base;
			sourceTree = "<group>";
		};
		049D93062D968E700003D7CD /* Models */ = {
			isa = PBXGroup;
			children = (
				049D93092D968EFC0003D7CD /* Character.swift */,
			);
			path = Models;
			sourceTree = "<group>";
		};
		049D93082D968ECD0003D7CD /* Services */ = {
			isa = PBXGroup;
			children = (
			);
			path = Services;
			sourceTree = "<group>";
		};
		049D930B2D968F3E0003D7CD /* BL */ = {
			isa = PBXGroup;
			children = (
				049D930C2D968F740003D7CD /* NetworkManager.swift */,
			);
			path = BL;
			sourceTree = "<group>";
		};
		049D930E2D968FF70003D7CD /* Resources */ = {
			isa = PBXGroup;
			children = (
				0455D00B2D9672F0004A0807 /* Assets.xcassets */,
			);
			path = Resources;
			sourceTree = "<group>";
		};
		049D930F2D9690950003D7CD /* Storyboards */ = {
			isa = PBXGroup;
			children = (
				0455D00D2D9672F0004A0807 /* LaunchScreen.storyboard */,
			);
			path = Storyboards;
			sourceTree = "<group>";
		};
		049D93142D9699480003D7CD /* CustomElements */ = {
			isa = PBXGroup;
			children = (
				049D93152D9699610003D7CD /* CustomLabel.swift */,
			);
			path = CustomElements;
			sourceTree = "<group>";
		};
		049D931A2D9909AF0003D7CD /* DetailScene */ = {
			isa = PBXGroup;
			children = (
				049D931B2D9909DB0003D7CD /* DetailAssembly.swift */,
				049D931D2D9909EA0003D7CD /* DetailViewController.swift */,
				049D931F2D9909FD0003D7CD /* DetailPresenter.swift */,
				049D93212D990A0C0003D7CD /* DetailRouter.swift */,
			);
			path = DetailScene;
			sourceTree = "<group>";
		};
/* End PBXGroup section */

/* Begin PBXNativeTarget section */
		0455CFFE2D9672EF004A0807 /* MVPAPIRickAndMortyApp */ = {
			isa = PBXNativeTarget;
			buildConfigurationList = 0455D0132D9672F0004A0807 /* Build configuration list for PBXNativeTarget "MVPAPIRickAndMortyApp" */;
			buildPhases = (
				0455CFFB2D9672EF004A0807 /* Sources */,
				0455CFFC2D9672EF004A0807 /* Frameworks */,
				0455CFFD2D9672EF004A0807 /* Resources */,
			);
			buildRules = (
			);
			dependencies = (
			);
			name = MVPAPIRickAndMortyApp;
			packageProductDependencies = (
				049D93182D97CB860003D7CD /* Kingfisher */,
			);
			productName = MVPAPIRickAndMortyApp;
			productReference = 0455CFFF2D9672EF004A0807 /* MVPAPIRickAndMortyApp.app */;
			productType = "com.apple.product-type.application";
		};
/* End PBXNativeTarget section */

/* Begin PBXProject section */
		0455CFF72D9672EE004A0807 /* Project object */ = {
			isa = PBXProject;
			attributes = {
				BuildIndependentTargetsInParallel = 1;
				LastSwiftUpdateCheck = 1430;
				LastUpgradeCheck = 1520;
				TargetAttributes = {
					0455CFFE2D9672EF004A0807 = {
						CreatedOnToolsVersion = 14.3.1;
					};
				};
			};
			buildConfigurationList = 0455CFFA2D9672EE004A0807 /* Build configuration list for PBXProject "MVPAPIRickAndMortyApp" */;
			compatibilityVersion = "Xcode 14.0";
			developmentRegion = en;
			hasScannedForEncodings = 0;
			knownRegions = (
				en,
				Base,
			);
			mainGroup = 0455CFF62D9672EE004A0807;
			packageReferences = (
				049D93172D97CB850003D7CD /* XCRemoteSwiftPackageReference "Kingfisher" */,
			);
			productRefGroup = 0455D0002D9672EF004A0807 /* Products */;
			projectDirPath = "";
			projectRoot = "";
			targets = (
				0455CFFE2D9672EF004A0807 /* MVPAPIRickAndMortyApp */,
			);
		};
/* End PBXProject section */

/* Begin PBXResourcesBuildPhase section */
		0455CFFD2D9672EF004A0807 /* Resources */ = {
			isa = PBXResourcesBuildPhase;
			buildActionMask = 2147483647;
			files = (
				0455D00F2D9672F0004A0807 /* LaunchScreen.storyboard in Resources */,
				0455D00C2D9672F0004A0807 /* Assets.xcassets in Resources */,
			);
			runOnlyForDeploymentPostprocessing = 0;
		};
/* End PBXResourcesBuildPhase section */

/* Begin PBXSourcesBuildPhase section */
		0455CFFB2D9672EF004A0807 /* Sources */ = {
			isa = PBXSourcesBuildPhase;
			buildActionMask = 2147483647;
			files = (
				049D930D2D968F740003D7CD /* NetworkManager.swift in Sources */,
				049D93222D990A0C0003D7CD /* DetailRouter.swift in Sources */,
				049D93022D9678F30003D7CD /* ListRouter.swift in Sources */,
				049D93002D9678DF0003D7CD /* ListPresenter.swift in Sources */,
				049D931C2D9909DB0003D7CD /* DetailAssembly.swift in Sources */,
				049D93112D9698F10003D7CD /* ListCell.swift in Sources */,
				049D93132D9699210003D7CD /* ListCustomViewCell.swift in Sources */,
				049D93052D967D810003D7CD /* MVXProtocol.swift in Sources */,
				0455D0072D9672EF004A0807 /* ListViewController.swift in Sources */,
				049D93202D9909FD0003D7CD /* DetailPresenter.swift in Sources */,
				049D93162D9699610003D7CD /* CustomLabel.swift in Sources */,
				049D92FE2D9678D20003D7CD /* ListAssembly.swift in Sources */,
				0455D0032D9672EF004A0807 /* AppDelegate.swift in Sources */,
				0455D0052D9672EF004A0807 /* SceneDelegate.swift in Sources */,
				049D930A2D968EFC0003D7CD /* Character.swift in Sources */,
				049D931E2D9909EA0003D7CD /* DetailViewController.swift in Sources */,
			);
			runOnlyForDeploymentPostprocessing = 0;
		};
/* End PBXSourcesBuildPhase section */

/* Begin PBXVariantGroup section */
		0455D00D2D9672F0004A0807 /* LaunchScreen.storyboard */ = {
			isa = PBXVariantGroup;
			children = (
				0455D00E2D9672F0004A0807 /* Base */,
			);
			name = LaunchScreen.storyboard;
			sourceTree = "<group>";
		};
/* End PBXVariantGroup section */

/* Begin XCBuildConfiguration section */
		0455D0112D9672F0004A0807 /* Debug */ = {
			isa = XCBuildConfiguration;
			buildSettings = {
				ALWAYS_SEARCH_USER_PATHS = NO;
				CLANG_ANALYZER_NONNULL = YES;
				CLANG_ANALYZER_NUMBER_OBJECT_CONVERSION = YES_AGGRESSIVE;
				CLANG_CXX_LANGUAGE_STANDARD = "gnu++20";
				CLANG_ENABLE_MODULES = YES;
				CLANG_ENABLE_OBJC_ARC = YES;
				CLANG_ENABLE_OBJC_WEAK = YES;
				CLANG_WARN_BLOCK_CAPTURE_AUTORELEASING = YES;
				CLANG_WARN_BOOL_CONVERSION = YES;
				CLANG_WARN_COMMA = YES;
				CLANG_WARN_CONSTANT_CONVERSION = YES;
				CLANG_WARN_DEPRECATED_OBJC_IMPLEMENTATIONS = YES;
				CLANG_WARN_DIRECT_OBJC_ISA_USAGE = YES_ERROR;
				CLANG_WARN_DOCUMENTATION_COMMENTS = YES;
				CLANG_WARN_EMPTY_BODY = YES;
				CLANG_WARN_ENUM_CONVERSION = YES;
				CLANG_WARN_INFINITE_RECURSION = YES;
				CLANG_WARN_INT_CONVERSION = YES;
				CLANG_WARN_NON_LITERAL_NULL_CONVERSION = YES;
				CLANG_WARN_OBJC_IMPLICIT_RETAIN_SELF = YES;
				CLANG_WARN_OBJC_LITERAL_CONVERSION = YES;
				CLANG_WARN_OBJC_ROOT_CLASS = YES_ERROR;
				CLANG_WARN_QUOTED_INCLUDE_IN_FRAMEWORK_HEADER = YES;
				CLANG_WARN_RANGE_LOOP_ANALYSIS = YES;
				CLANG_WARN_STRICT_PROTOTYPES = YES;
				CLANG_WARN_SUSPICIOUS_MOVE = YES;
				CLANG_WARN_UNGUARDED_AVAILABILITY = YES_AGGRESSIVE;
				CLANG_WARN_UNREACHABLE_CODE = YES;
				CLANG_WARN__DUPLICATE_METHOD_MATCH = YES;
				COPY_PHASE_STRIP = NO;
				DEBUG_INFORMATION_FORMAT = dwarf;
				ENABLE_STRICT_OBJC_MSGSEND = YES;
				ENABLE_TESTABILITY = YES;
				ENABLE_USER_SCRIPT_SANDBOXING = YES;
				GCC_C_LANGUAGE_STANDARD = gnu11;
				GCC_DYNAMIC_NO_PIC = NO;
				GCC_NO_COMMON_BLOCKS = YES;
				GCC_OPTIMIZATION_LEVEL = 0;
				GCC_PREPROCESSOR_DEFINITIONS = (
					"DEBUG=1",
					"$(inherited)",
				);
				GCC_WARN_64_TO_32_BIT_CONVERSION = YES;
				GCC_WARN_ABOUT_RETURN_TYPE = YES_ERROR;
				GCC_WARN_UNDECLARED_SELECTOR = YES;
				GCC_WARN_UNINITIALIZED_AUTOS = YES_AGGRESSIVE;
				GCC_WARN_UNUSED_FUNCTION = YES;
				GCC_WARN_UNUSED_VARIABLE = YES;
				IPHONEOS_DEPLOYMENT_TARGET = 16.4;
				MTL_ENABLE_DEBUG_INFO = INCLUDE_SOURCE;
				MTL_FAST_MATH = YES;
				ONLY_ACTIVE_ARCH = YES;
				SDKROOT = iphoneos;
				SWIFT_ACTIVE_COMPILATION_CONDITIONS = DEBUG;
				SWIFT_OPTIMIZATION_LEVEL = "-Onone";
			};
			name = Debug;
		};
		0455D0122D9672F0004A0807 /* Release */ = {
			isa = XCBuildConfiguration;
			buildSettings = {
				ALWAYS_SEARCH_USER_PATHS = NO;
				CLANG_ANALYZER_NONNULL = YES;
				CLANG_ANALYZER_NUMBER_OBJECT_CONVERSION = YES_AGGRESSIVE;
				CLANG_CXX_LANGUAGE_STANDARD = "gnu++20";
				CLANG_ENABLE_MODULES = YES;
				CLANG_ENABLE_OBJC_ARC = YES;
				CLANG_ENABLE_OBJC_WEAK = YES;
				CLANG_WARN_BLOCK_CAPTURE_AUTORELEASING = YES;
				CLANG_WARN_BOOL_CONVERSION = YES;
				CLANG_WARN_COMMA = YES;
				CLANG_WARN_CONSTANT_CONVERSION = YES;
				CLANG_WARN_DEPRECATED_OBJC_IMPLEMENTATIONS = YES;
				CLANG_WARN_DIRECT_OBJC_ISA_USAGE = YES_ERROR;
				CLANG_WARN_DOCUMENTATION_COMMENTS = YES;
				CLANG_WARN_EMPTY_BODY = YES;
				CLANG_WARN_ENUM_CONVERSION = YES;
				CLANG_WARN_INFINITE_RECURSION = YES;
				CLANG_WARN_INT_CONVERSION = YES;
				CLANG_WARN_NON_LITERAL_NULL_CONVERSION = YES;
				CLANG_WARN_OBJC_IMPLICIT_RETAIN_SELF = YES;
				CLANG_WARN_OBJC_LITERAL_CONVERSION = YES;
				CLANG_WARN_OBJC_ROOT_CLASS = YES_ERROR;
				CLANG_WARN_QUOTED_INCLUDE_IN_FRAMEWORK_HEADER = YES;
				CLANG_WARN_RANGE_LOOP_ANALYSIS = YES;
				CLANG_WARN_STRICT_PROTOTYPES = YES;
				CLANG_WARN_SUSPICIOUS_MOVE = YES;
				CLANG_WARN_UNGUARDED_AVAILABILITY = YES_AGGRESSIVE;
				CLANG_WARN_UNREACHABLE_CODE = YES;
				CLANG_WARN__DUPLICATE_METHOD_MATCH = YES;
				COPY_PHASE_STRIP = NO;
				DEBUG_INFORMATION_FORMAT = "dwarf-with-dsym";
				ENABLE_NS_ASSERTIONS = NO;
				ENABLE_STRICT_OBJC_MSGSEND = YES;
				ENABLE_USER_SCRIPT_SANDBOXING = YES;
				GCC_C_LANGUAGE_STANDARD = gnu11;
				GCC_NO_COMMON_BLOCKS = YES;
				GCC_WARN_64_TO_32_BIT_CONVERSION = YES;
				GCC_WARN_ABOUT_RETURN_TYPE = YES_ERROR;
				GCC_WARN_UNDECLARED_SELECTOR = YES;
				GCC_WARN_UNINITIALIZED_AUTOS = YES_AGGRESSIVE;
				GCC_WARN_UNUSED_FUNCTION = YES;
				GCC_WARN_UNUSED_VARIABLE = YES;
				IPHONEOS_DEPLOYMENT_TARGET = 16.4;
				MTL_ENABLE_DEBUG_INFO = NO;
				MTL_FAST_MATH = YES;
				SDKROOT = iphoneos;
				SWIFT_COMPILATION_MODE = wholemodule;
				SWIFT_OPTIMIZATION_LEVEL = "-O";
				VALIDATE_PRODUCT = YES;
			};
			name = Release;
		};
		0455D0142D9672F0004A0807 /* Debug */ = {
			isa = XCBuildConfiguration;
			buildSettings = {
				ASSETCATALOG_COMPILER_APPICON_NAME = AppIcon;
				ASSETCATALOG_COMPILER_GLOBAL_ACCENT_COLOR_NAME = AccentColor;
				CODE_SIGN_STYLE = Automatic;
				CURRENT_PROJECT_VERSION = 1;
				GENERATE_INFOPLIST_FILE = YES;
				INFOPLIST_FILE = MVPAPIRickAndMortyApp/Info.plist;
				INFOPLIST_KEY_UIApplicationSupportsIndirectInputEvents = YES;
				INFOPLIST_KEY_UILaunchStoryboardName = LaunchScreen;
				INFOPLIST_KEY_UISupportedInterfaceOrientations_iPad = "UIInterfaceOrientationPortrait UIInterfaceOrientationPortraitUpsideDown UIInterfaceOrientationLandscapeLeft UIInterfaceOrientationLandscapeRight";
				INFOPLIST_KEY_UISupportedInterfaceOrientations_iPhone = "UIInterfaceOrientationPortrait UIInterfaceOrientationLandscapeLeft UIInterfaceOrientationLandscapeRight";
				LD_RUNPATH_SEARCH_PATHS = (
					"$(inherited)",
					"@executable_path/Frameworks",
				);
				MARKETING_VERSION = 1.0;
				PRODUCT_BUNDLE_IDENTIFIER = "just-boogeyman.MVPAPIRickAndMortyApp";
				PRODUCT_NAME = "$(TARGET_NAME)";
				SWIFT_EMIT_LOC_STRINGS = YES;
				SWIFT_VERSION = 5.0;
				TARGETED_DEVICE_FAMILY = "1,2";
			};
			name = Debug;
		};
		0455D0152D9672F0004A0807 /* Release */ = {
			isa = XCBuildConfiguration;
			buildSettings = {
				ASSETCATALOG_COMPILER_APPICON_NAME = AppIcon;
				ASSETCATALOG_COMPILER_GLOBAL_ACCENT_COLOR_NAME = AccentColor;
				CODE_SIGN_STYLE = Automatic;
				CURRENT_PROJECT_VERSION = 1;
				GENERATE_INFOPLIST_FILE = YES;
				INFOPLIST_FILE = MVPAPIRickAndMortyApp/Info.plist;
				INFOPLIST_KEY_UIApplicationSupportsIndirectInputEvents = YES;
				INFOPLIST_KEY_UILaunchStoryboardName = LaunchScreen;
				INFOPLIST_KEY_UISupportedInterfaceOrientations_iPad = "UIInterfaceOrientationPortrait UIInterfaceOrientationPortraitUpsideDown UIInterfaceOrientationLandscapeLeft UIInterfaceOrientationLandscapeRight";
				INFOPLIST_KEY_UISupportedInterfaceOrientations_iPhone = "UIInterfaceOrientationPortrait UIInterfaceOrientationLandscapeLeft UIInterfaceOrientationLandscapeRight";
				LD_RUNPATH_SEARCH_PATHS = (
					"$(inherited)",
					"@executable_path/Frameworks",
				);
				MARKETING_VERSION = 1.0;
				PRODUCT_BUNDLE_IDENTIFIER = "just-boogeyman.MVPAPIRickAndMortyApp";
				PRODUCT_NAME = "$(TARGET_NAME)";
				SWIFT_EMIT_LOC_STRINGS = YES;
				SWIFT_VERSION = 5.0;
				TARGETED_DEVICE_FAMILY = "1,2";
			};
			name = Release;
		};
/* End XCBuildConfiguration section */

/* Begin XCConfigurationList section */
		0455CFFA2D9672EE004A0807 /* Build configuration list for PBXProject "MVPAPIRickAndMortyApp" */ = {
			isa = XCConfigurationList;
			buildConfigurations = (
				0455D0112D9672F0004A0807 /* Debug */,
				0455D0122D9672F0004A0807 /* Release */,
			);
			defaultConfigurationIsVisible = 0;
			defaultConfigurationName = Release;
		};
		0455D0132D9672F0004A0807 /* Build configuration list for PBXNativeTarget "MVPAPIRickAndMortyApp" */ = {
			isa = XCConfigurationList;
			buildConfigurations = (
				0455D0142D9672F0004A0807 /* Debug */,
				0455D0152D9672F0004A0807 /* Release */,
			);
			defaultConfigurationIsVisible = 0;
			defaultConfigurationName = Release;
		};
/* End XCConfigurationList section */

/* Begin XCRemoteSwiftPackageReference section */
		049D93172D97CB850003D7CD /* XCRemoteSwiftPackageReference "Kingfisher" */ = {
			isa = XCRemoteSwiftPackageReference;
			repositoryURL = "https://github.com/onevcat/Kingfisher";
			requirement = {
				kind = upToNextMajorVersion;
				minimumVersion = 8.3.1;
			};
		};
/* End XCRemoteSwiftPackageReference section */

/* Begin XCSwiftPackageProductDependency section */
		049D93182D97CB860003D7CD /* Kingfisher */ = {
			isa = XCSwiftPackageProductDependency;
			package = 049D93172D97CB850003D7CD /* XCRemoteSwiftPackageReference "Kingfisher" */;
			productName = Kingfisher;
		};
/* End XCSwiftPackageProductDependency section */
	};
	rootObject = 0455CFF72D9672EE004A0807 /* Project object */;
}
